
Microsoft Visual Studio Solution File, Format Version 12.00
# Visual Studio 2012
Project("{FAE04EC0-301F-11D3-BF4B-00C04F79EFBC}") = "MonopolyConsoleApp", "MonopolyConsoleApp\MonopolyConsoleApp.csproj", "{696CD3AF-FE20-4FED-8FE2-F72302411CA0}"
EndProject
Global
	GlobalSection(TeamFoundationVersionControl) = preSolution
		SccNumberOfProjects = 2
		SccEnterpriseProvider = {4CA58AB2-18FA-4F8D-95D4-32DDF27D184C}
		SccTeamFoundationServer = https://glocal.visualstudio.com/defaultcollection
		SccLocalPath0 = .
		SccProjectUniqueName1 = MonopolyConsoleApp\\MonopolyConsoleApp.csproj
		SccProjectName1 = MonopolyConsoleApp
		SccLocalPath1 = MonopolyConsoleApp
	EndGlobalSection
	GlobalSection(SolutionConfigurationPlatforms) = preSolution
		Debug|Any CPU = Debug|Any CPU
		Release|Any CPU = Release|Any CPU
	EndGlobalSection
	GlobalSection(ProjectConfigurationPlatforms) = postSolution
		{696CD3AF-FE20-4FED-8FE2-F72302411CA0}.Debug|Any CPU.ActiveCfg = Debug|Any CPU
		{696CD3AF-FE20-4FED-8FE2-F72302411CA0}.Debug|Any CPU.Build.0 = Debug|Any CPU
		{696CD3AF-FE20-4FED-8FE2-F72302411CA0}.Release|Any CPU.ActiveCfg = Release|Any CPU
		{696CD3AF-FE20-4FED-8FE2-F72302411CA0}.Release|Any CPU.Build.0 = Release|Any CPU
	EndGlobalSection
	GlobalSection(SolutionProperties) = preSolution
		HideSolutionNode = FALSE
	EndGlobalSection
EndGlobal
